{
  "version": 4,
  "terraform_version": "1.2.5",
  "serial": 1,
  "lineage": "0bf922f0-1731-0e2b-9ca0-7c32a24be6eb",
  "outputs": {},
  "resources": [
    {
      "mode": "managed",
      "type": "github_repository",
      "name": "repo-terraform",
      "provider": "provider[\"registry.terraform.io/hashicorp/github\"]",
      "instances": [
        {
          "schema_version": 0,
          "attributes": {
            "allow_auto_merge": false,
            "allow_merge_commit": true,
            "allow_rebase_merge": true,
            "allow_squash_merge": true,
            "archive_on_destroy": null,
            "archived": false,
            "auto_init": true,
            "branches": [
              {
                "name": "main",
                "protected": false
              }
            ],
            "default_branch": "main",
            "delete_branch_on_merge": false,
            "description": "",
            "etag": "W/\"3a29613297ecde6d949869c9a5000039f64304d9c712a95d9b57ce5a6565104b\"",
            "full_name": "borkar-shubham/repo_1",
            "git_clone_url": "git://github.com/borkar-shubham/repo_1.git",
            "gitignore_template": null,
            "has_downloads": false,
            "has_issues": false,
            "has_projects": false,
            "has_wiki": false,
            "homepage_url": "",
            "html_url": "https://github.com/borkar-shubham/repo_1",
            "http_clone_url": "https://github.com/borkar-shubham/repo_1.git",
            "id": "repo_1",
            "ignore_vulnerability_alerts_during_read": null,
            "is_template": false,
            "license_template": null,
            "name": "repo_1",
            "node_id": "R_kgDOHuCqKA",
            "pages": [],
            "private": true,
            "repo_id": 518040104,
            "ssh_clone_url": "git@github.com:borkar-shubham/repo_1.git",
            "svn_url": "https://github.com/borkar-shubham/repo_1",
            "template": [],
            "topics": null,
            "visibility": "private",
            "vulnerability_alerts": false
          },
          "sensitive_attributes": [],
          "private": "bnVsbA=="
        }
      ]
    }
  ]
}
